
Microsoft Visual Studio Solution File, Format Version 12.00
# Visual Studio Version 16
VisualStudioVersion = 16.0.32106.194
MinimumVisualStudioVersion = 10.0.40219.1
Project("{FAE04EC0-301F-11D3-BF4B-00C04F79EFBC}") = "TheGame", "TheGame\TheGame.csproj", "{F9FDF6E4-4B78-4FD9-8454-7771DFA26FB7}"
EndProject
Global
	GlobalSection(SolutionConfigurationPlatforms) = preSolution
		Debug|Any CPU = Debug|Any CPU
		Release|Any CPU = Release|Any CPU
	EndGlobalSection
	GlobalSection(ProjectConfigurationPlatforms) = postSolution
		{F9FDF6E4-4B78-4FD9-8454-7771DFA26FB7}.Debug|Any CPU.ActiveCfg = Debug|Any CPU
		{F9FDF6E4-4B78-4FD9-8454-7771DFA26FB7}.Debug|Any CPU.Build.0 = Debug|Any CPU
		{F9FDF6E4-4B78-4FD9-8454-7771DFA26FB7}.Release|Any CPU.ActiveCfg = Release|Any CPU
		{F9FDF6E4-4B78-4FD9-8454-7771DFA26FB7}.Release|Any CPU.Build.0 = Release|Any CPU
	EndGlobalSection
	GlobalSection(SolutionProperties) = preSolution
		HideSolutionNode = FALSE
	EndGlobalSection
	GlobalSection(ExtensibilityGlobals) = postSolution
		SolutionGuid = {5FC50C75-17D0-42FA-9A0B-B38AC9E288CE}
	EndGlobalSection
EndGlobal
